
Microsoft Visual Studio Solution File, Format Version 12.00
# Visual Studio Version 17
VisualStudioVersion = 17.11.35222.181
MinimumVisualStudioVersion = 10.0.40219.1
Project("{FAE04EC0-301F-11D3-BF4B-00C04F79EFBC}") = "StackOverflow.Web", "StackOverflow.Web\StackOverflow.Web.csproj", "{1BAADFBE-BCFB-4D62-9DA6-EA3C36FECB80}"
EndProject
Project("{FAE04EC0-301F-11D3-BF4B-00C04F79EFBC}") = "StackOverflow.Data", "StackOverflow.Data\StackOverflow.Data.csproj", "{A3DE4BCF-A3EE-476F-8025-102AE9E9E87D}"
EndProject
Global
	GlobalSection(SolutionConfigurationPlatforms) = preSolution
		Debug|Any CPU = Debug|Any CPU
		Release|Any CPU = Release|Any CPU
	EndGlobalSection
	GlobalSection(ProjectConfigurationPlatforms) = postSolution
		{1BAADFBE-BCFB-4D62-9DA6-EA3C36FECB80}.Debug|Any CPU.ActiveCfg = Debug|Any CPU
		{1BAADFBE-BCFB-4D62-9DA6-EA3C36FECB80}.Debug|Any CPU.Build.0 = Debug|Any CPU
		{1BAADFBE-BCFB-4D62-9DA6-EA3C36FECB80}.Release|Any CPU.ActiveCfg = Release|Any CPU
		{1BAADFBE-BCFB-4D62-9DA6-EA3C36FECB80}.Release|Any CPU.Build.0 = Release|Any CPU
		{A3DE4BCF-A3EE-476F-8025-102AE9E9E87D}.Debug|Any CPU.ActiveCfg = Debug|Any CPU
		{A3DE4BCF-A3EE-476F-8025-102AE9E9E87D}.Debug|Any CPU.Build.0 = Debug|Any CPU
		{A3DE4BCF-A3EE-476F-8025-102AE9E9E87D}.Release|Any CPU.ActiveCfg = Release|Any CPU
		{A3DE4BCF-A3EE-476F-8025-102AE9E9E87D}.Release|Any CPU.Build.0 = Release|Any CPU
	EndGlobalSection
	GlobalSection(SolutionProperties) = preSolution
		HideSolutionNode = FALSE
	EndGlobalSection
	GlobalSection(ExtensibilityGlobals) = postSolution
		SolutionGuid = {DD67F532-8AD4-427B-8EF6-78509745DD5F}
	EndGlobalSection
EndGlobal
